
Microsoft Visual Studio Solution File, Format Version 12.00
# Visual Studio Version 17
VisualStudioVersion = 17.3.32929.385
MinimumVisualStudioVersion = 10.0.40219.1
Project("{FAE04EC0-301F-11D3-BF4B-00C04F79EFBC}") = "Calculator", "Calculator\Calculator.csproj", "{B9CE9EE9-31E3-4EA9-A9B1-453368F57359}"
EndProject
Global
	GlobalSection(SolutionConfigurationPlatforms) = preSolution
		Debug|Any CPU = Debug|Any CPU
		Release|Any CPU = Release|Any CPU
	EndGlobalSection
	GlobalSection(ProjectConfigurationPlatforms) = postSolution
		{B9CE9EE9-31E3-4EA9-A9B1-453368F57359}.Debug|Any CPU.ActiveCfg = Debug|Any CPU
		{B9CE9EE9-31E3-4EA9-A9B1-453368F57359}.Debug|Any CPU.Build.0 = Debug|Any CPU
		{B9CE9EE9-31E3-4EA9-A9B1-453368F57359}.Release|Any CPU.ActiveCfg = Release|Any CPU
		{B9CE9EE9-31E3-4EA9-A9B1-453368F57359}.Release|Any CPU.Build.0 = Release|Any CPU
	EndGlobalSection
	GlobalSection(SolutionProperties) = preSolution
		HideSolutionNode = FALSE
	EndGlobalSection
	GlobalSection(ExtensibilityGlobals) = postSolution
		SolutionGuid = {BF7161B6-3D48-4E51-A2F5-5EF5697E56D6}
	EndGlobalSection
EndGlobal
